// !$*UTF8*$!
{
	archiveVersion = 1;
	classes = {
	};
	objectVersion = 46;
	objects = {

/* Begin PBXBuildFile section */
		2659B76977BD40CB8C3FF315 /* libPods.a in Frameworks */ = {isa = PBXBuildFile; fileRef = 206B5FAD4EF0452B9D4F0FCB /* libPods.a */; };
		683A6A2814760152004C3F8C /* UIKit.framework in Frameworks */ = {isa = PBXBuildFile; fileRef = 683A6A2714760152004C3F8C /* UIKit.framework */; };
		683A6A2A14760152004C3F8C /* Foundation.framework in Frameworks */ = {isa = PBXBuildFile; fileRef = 683A6A2914760152004C3F8C /* Foundation.framework */; };
		683A6A2C14760152004C3F8C /* CoreGraphics.framework in Frameworks */ = {isa = PBXBuildFile; fileRef = 683A6A2B14760152004C3F8C /* CoreGraphics.framework */; };
		683A6A3414760152004C3F8C /* InfoPlist.strings in Resources */ = {isa = PBXBuildFile; fileRef = 683A6A3214760152004C3F8C /* InfoPlist.strings */; };
		683A6A3614760152004C3F8C /* main.m in Sources */ = {isa = PBXBuildFile; fileRef = 683A6A3514760152004C3F8C /* main.m */; };
		683A6A3A14760152004C3F8C /* SDTAppDelegate.m in Sources */ = {isa = PBXBuildFile; fileRef = 683A6A3914760152004C3F8C /* SDTAppDelegate.m */; };
		683A6A4514760152004C3F8C /* SenTestingKit.framework in Frameworks */ = {isa = PBXBuildFile; fileRef = 683A6A4414760152004C3F8C /* SenTestingKit.framework */; };
		683A6A4614760152004C3F8C /* UIKit.framework in Frameworks */ = {isa = PBXBuildFile; fileRef = 683A6A2714760152004C3F8C /* UIKit.framework */; };
		683A6A4714760152004C3F8C /* Foundation.framework in Frameworks */ = {isa = PBXBuildFile; fileRef = 683A6A2914760152004C3F8C /* Foundation.framework */; };
		683A6A5014760152004C3F8C /* InfoPlist.strings in Resources */ = {isa = PBXBuildFile; fileRef = 683A6A4E14760152004C3F8C /* InfoPlist.strings */; };
		683A6A5314760152004C3F8C /* DictionaryTests.m in Sources */ = {isa = PBXBuildFile; fileRef = 683A6A5214760152004C3F8C /* DictionaryTests.m */; };
		68854488177DD5FB009DF57C /* SDTLookupRequest.m in Sources */ = {isa = PBXBuildFile; fileRef = 68854487177DD5FB009DF57C /* SDTLookupRequest.m */; };
		68B0C3B01476047B006AEA06 /* SDTMainViewController.m in Sources */ = {isa = PBXBuildFile; fileRef = 68B0C3AF1476047B006AEA06 /* SDTMainViewController.m */; };
		68B0C3B11476047B006AEA06 /* SDTMainViewController.m in Sources */ = {isa = PBXBuildFile; fileRef = 68B0C3AF1476047B006AEA06 /* SDTMainViewController.m */; };
		68E5E6FB177874DC00AB0684 /* SDTDictionary.m in Sources */ = {isa = PBXBuildFile; fileRef = 68E5E6FA177874DC00AB0684 /* SDTDictionary.m */; };
		68E5E7031779389900AB0684 /* SDTLookupHistory.m in Sources */ = {isa = PBXBuildFile; fileRef = 68E5E7021779389900AB0684 /* SDTLookupHistory.m */; };
		68EECF921781D57C000166FD /* SDTDictionaryTermCell.m in Sources */ = {isa = PBXBuildFile; fileRef = 68EECF911781D57C000166FD /* SDTDictionaryTermCell.m */; };
		68EECF971781E04A000166FD /* CoreGraphics.framework in Frameworks */ = {isa = PBXBuildFile; fileRef = 683A6A2B14760152004C3F8C /* CoreGraphics.framework */; };
		68EECF9A1781F11E000166FD /* FFSolidColorTableHeaderView.m in Sources */ = {isa = PBXBuildFile; fileRef = 68EECF991781F11E000166FD /* FFSolidColorTableHeaderView.m */; };
		68EECF9D17820536000166FD /* Icon.png in Resources */ = {isa = PBXBuildFile; fileRef = 68EECF9B17820536000166FD /* Icon.png */; };
		68EECF9E17820536000166FD /* Icon@2x.png in Resources */ = {isa = PBXBuildFile; fileRef = 68EECF9C17820536000166FD /* Icon@2x.png */; };
		68EECFA817820883000166FD /* Default.png in Resources */ = {isa = PBXBuildFile; fileRef = 68EECFA517820883000166FD /* Default.png */; };
		68EECFA917820883000166FD /* Default-568h@2x.png in Resources */ = {isa = PBXBuildFile; fileRef = 68EECFA617820883000166FD /* Default-568h@2x.png */; };
		68EECFAA17820883000166FD /* Default@2x.png in Resources */ = {isa = PBXBuildFile; fileRef = 68EECFA717820883000166FD /* Default@2x.png */; };
		68FDC3171781424A00D167CC /* SDTLookupResponse.m in Sources */ = {isa = PBXBuildFile; fileRef = 68FDC3161781424A00D167CC /* SDTLookupResponse.m */; };
		68FDC31A1781764500D167CC /* invalidTerms.txt in Resources */ = {isa = PBXBuildFile; fileRef = 68FDC3181781764500D167CC /* invalidTerms.txt */; };
		68FDC31B1781764500D167CC /* validTerms.txt in Resources */ = {isa = PBXBuildFile; fileRef = 68FDC3191781764500D167CC /* validTerms.txt */; };
		68FDC31E17817DA600D167CC /* libFlurry_4.2.2.a in Frameworks */ = {isa = PBXBuildFile; fileRef = 68FDC31D17817DA600D167CC /* libFlurry_4.2.2.a */; };
		68FDC32417817F7800D167CC /* SystemConfiguration.framework in Frameworks */ = {isa = PBXBuildFile; fileRef = 68FDC32317817F7800D167CC /* SystemConfiguration.framework */; };
/* End PBXBuildFile section */

/* Begin PBXContainerItemProxy section */
		683A6A4914760152004C3F8C /* PBXContainerItemProxy */ = {
			isa = PBXContainerItemProxy;
			containerPortal = 683A6A1A14760151004C3F8C /* Project object */;
			proxyType = 1;
			remoteGlobalIDString = 683A6A2214760152004C3F8C;
			remoteInfo = Dictionary;
		};
/* End PBXContainerItemProxy section */

/* Begin PBXFileReference section */
		206B5FAD4EF0452B9D4F0FCB /* libPods.a */ = {isa = PBXFileReference; explicitFileType = archive.ar; includeInIndex = 0; path = libPods.a; sourceTree = BUILT_PRODUCTS_DIR; };
		683A6A2314760152004C3F8C /* Dictionary.app */ = {isa = PBXFileReference; explicitFileType = wrapper.application; includeInIndex = 0; path = Dictionary.app; sourceTree = BUILT_PRODUCTS_DIR; };
		683A6A2714760152004C3F8C /* UIKit.framework */ = {isa = PBXFileReference; lastKnownFileType = wrapper.framework; name = UIKit.framework; path = System/Library/Frameworks/UIKit.framework; sourceTree = SDKROOT; };
		683A6A2914760152004C3F8C /* Foundation.framework */ = {isa = PBXFileReference; lastKnownFileType = wrapper.framework; name = Foundation.framework; path = System/Library/Frameworks/Foundation.framework; sourceTree = SDKROOT; };
		683A6A2B14760152004C3F8C /* CoreGraphics.framework */ = {isa = PBXFileReference; lastKnownFileType = wrapper.framework; name = CoreGraphics.framework; path = System/Library/Frameworks/CoreGraphics.framework; sourceTree = SDKROOT; };
		683A6A3114760152004C3F8C /* Dictionary-Info.plist */ = {isa = PBXFileReference; lastKnownFileType = text.plist.xml; path = "Dictionary-Info.plist"; sourceTree = "<group>"; };
		683A6A3314760152004C3F8C /* en */ = {isa = PBXFileReference; lastKnownFileType = text.plist.strings; name = en; path = en.lproj/InfoPlist.strings; sourceTree = "<group>"; };
		683A6A3514760152004C3F8C /* main.m */ = {isa = PBXFileReference; lastKnownFileType = sourcecode.c.objc; path = main.m; sourceTree = "<group>"; };
		683A6A3714760152004C3F8C /* Dictionary-Prefix.pch */ = {isa = PBXFileReference; lastKnownFileType = sourcecode.c.h; path = "Dictionary-Prefix.pch"; sourceTree = "<group>"; };
		683A6A3814760152004C3F8C /* SDTAppDelegate.h */ = {isa = PBXFileReference; lastKnownFileType = sourcecode.c.h; path = SDTAppDelegate.h; sourceTree = "<group>"; };
		683A6A3914760152004C3F8C /* SDTAppDelegate.m */ = {isa = PBXFileReference; lastKnownFileType = sourcecode.c.objc; path = SDTAppDelegate.m; sourceTree = "<group>"; };
		683A6A4314760152004C3F8C /* DictionaryTests.octest */ = {isa = PBXFileReference; explicitFileType = wrapper.cfbundle; includeInIndex = 0; path = DictionaryTests.octest; sourceTree = BUILT_PRODUCTS_DIR; };
		683A6A4414760152004C3F8C /* SenTestingKit.framework */ = {isa = PBXFileReference; lastKnownFileType = wrapper.framework; name = SenTestingKit.framework; path = Library/Frameworks/SenTestingKit.framework; sourceTree = DEVELOPER_DIR; };
		683A6A4D14760152004C3F8C /* DictionaryTests-Info.plist */ = {isa = PBXFileReference; lastKnownFileType = text.plist.xml; path = "DictionaryTests-Info.plist"; sourceTree = "<group>"; };
		683A6A4F14760152004C3F8C /* en */ = {isa = PBXFileReference; lastKnownFileType = text.plist.strings; name = en; path = en.lproj/InfoPlist.strings; sourceTree = "<group>"; };
		683A6A5114760152004C3F8C /* DictionaryTests.h */ = {isa = PBXFileReference; lastKnownFileType = sourcecode.c.h; path = DictionaryTests.h; sourceTree = "<group>"; };
		683A6A5214760152004C3F8C /* DictionaryTests.m */ = {isa = PBXFileReference; lastKnownFileType = sourcecode.c.objc; path = DictionaryTests.m; sourceTree = "<group>"; };
		68854486177DD5FB009DF57C /* SDTLookupRequest.h */ = {isa = PBXFileReference; fileEncoding = 4; lastKnownFileType = sourcecode.c.h; path = SDTLookupRequest.h; sourceTree = "<group>"; };
		68854487177DD5FB009DF57C /* SDTLookupRequest.m */ = {isa = PBXFileReference; fileEncoding = 4; lastKnownFileType = sourcecode.c.objc; path = SDTLookupRequest.m; sourceTree = "<group>"; };
		68B0C3AE1476047B006AEA06 /* SDTMainViewController.h */ = {isa = PBXFileReference; fileEncoding = 4; lastKnownFileType = sourcecode.c.h; path = SDTMainViewController.h; sourceTree = "<group>"; };
		68B0C3AF1476047B006AEA06 /* SDTMainViewController.m */ = {isa = PBXFileReference; fileEncoding = 4; lastKnownFileType = sourcecode.c.objc; path = SDTMainViewController.m; sourceTree = "<group>"; };
		68E5E6F9177874DC00AB0684 /* SDTDictionary.h */ = {isa = PBXFileReference; fileEncoding = 4; lastKnownFileType = sourcecode.c.h; path = SDTDictionary.h; sourceTree = "<group>"; };
		68E5E6FA177874DC00AB0684 /* SDTDictionary.m */ = {isa = PBXFileReference; fileEncoding = 4; lastKnownFileType = sourcecode.c.objc; path = SDTDictionary.m; sourceTree = "<group>"; };
		68E5E7011779389900AB0684 /* SDTLookupHistory.h */ = {isa = PBXFileReference; fileEncoding = 4; lastKnownFileType = sourcecode.c.h; path = SDTLookupHistory.h; sourceTree = "<group>"; };
		68E5E7021779389900AB0684 /* SDTLookupHistory.m */ = {isa = PBXFileReference; fileEncoding = 4; lastKnownFileType = sourcecode.c.objc; path = SDTLookupHistory.m; sourceTree = "<group>"; };
		68EECF901781D57C000166FD /* SDTDictionaryTermCell.h */ = {isa = PBXFileReference; fileEncoding = 4; lastKnownFileType = sourcecode.c.h; path = SDTDictionaryTermCell.h; sourceTree = "<group>"; };
		68EECF911781D57C000166FD /* SDTDictionaryTermCell.m */ = {isa = PBXFileReference; fileEncoding = 4; lastKnownFileType = sourcecode.c.objc; path = SDTDictionaryTermCell.m; sourceTree = "<group>"; };
		68EECF941781D679000166FD /* SDTDictionaryViewDefinitions.h */ = {isa = PBXFileReference; fileEncoding = 4; lastKnownFileType = sourcecode.c.h; path = SDTDictionaryViewDefinitions.h; sourceTree = "<group>"; };
		68EECF981781F11E000166FD /* FFSolidColorTableHeaderView.h */ = {isa = PBXFileReference; fileEncoding = 4; lastKnownFileType = sourcecode.c.h; path = FFSolidColorTableHeaderView.h; sourceTree = "<group>"; };
		68EECF991781F11E000166FD /* FFSolidColorTableHeaderView.m */ = {isa = PBXFileReference; fileEncoding = 4; lastKnownFileType = sourcecode.c.objc; path = FFSolidColorTableHeaderView.m; sourceTree = "<group>"; };
		68EECF9B17820536000166FD /* Icon.png */ = {isa = PBXFileReference; lastKnownFileType = image.png; path = Icon.png; sourceTree = "<group>"; };
		68EECF9C17820536000166FD /* Icon@2x.png */ = {isa = PBXFileReference; lastKnownFileType = image.png; path = "Icon@2x.png"; sourceTree = "<group>"; };
		68EECFA517820883000166FD /* Default.png */ = {isa = PBXFileReference; lastKnownFileType = image.png; path = Default.png; sourceTree = "<group>"; };
		68EECFA617820883000166FD /* Default-568h@2x.png */ = {isa = PBXFileReference; lastKnownFileType = image.png; path = "Default-568h@2x.png"; sourceTree = "<group>"; };
		68EECFA717820883000166FD /* Default@2x.png */ = {isa = PBXFileReference; lastKnownFileType = image.png; path = "Default@2x.png"; sourceTree = "<group>"; };
		68FDC3151781424A00D167CC /* SDTLookupResponse.h */ = {isa = PBXFileReference; fileEncoding = 4; lastKnownFileType = sourcecode.c.h; path = SDTLookupResponse.h; sourceTree = "<group>"; };
		68FDC3161781424A00D167CC /* SDTLookupResponse.m */ = {isa = PBXFileReference; fileEncoding = 4; lastKnownFileType = sourcecode.c.objc; path = SDTLookupResponse.m; sourceTree = "<group>"; };
		68FDC3181781764500D167CC /* invalidTerms.txt */ = {isa = PBXFileReference; fileEncoding = 4; lastKnownFileType = text; name = invalidTerms.txt; path = ../invalidTerms.txt; sourceTree = "<group>"; };
		68FDC3191781764500D167CC /* validTerms.txt */ = {isa = PBXFileReference; fileEncoding = 4; lastKnownFileType = text; name = validTerms.txt; path = ../validTerms.txt; sourceTree = "<group>"; };
		68FDC31C17817DA600D167CC /* Flurry.h */ = {isa = PBXFileReference; fileEncoding = 4; lastKnownFileType = sourcecode.c.h; path = Flurry.h; sourceTree = "<group>"; };
		68FDC31D17817DA600D167CC /* libFlurry_4.2.2.a */ = {isa = PBXFileReference; lastKnownFileType = archive.ar; name = libFlurry_4.2.2.a; path = Dictionary/libFlurry_4.2.2.a; sourceTree = "<group>"; };
		68FDC32317817F7800D167CC /* SystemConfiguration.framework */ = {isa = PBXFileReference; lastKnownFileType = wrapper.framework; name = SystemConfiguration.framework; path = System/Library/Frameworks/SystemConfiguration.framework; sourceTree = SDKROOT; };
		AA4BCB22A4CB48EEAC5E0BC8 /* Pods.xcconfig */ = {isa = PBXFileReference; includeInIndex = 1; lastKnownFileType = text.xcconfig; name = Pods.xcconfig; path = Pods/Pods.xcconfig; sourceTree = SOURCE_ROOT; };
/* End PBXFileReference section */

/* Begin PBXFrameworksBuildPhase section */
		683A6A2014760152004C3F8C /* Frameworks */ = {
			isa = PBXFrameworksBuildPhase;
			buildActionMask = 2147483647;
			files = (
				68FDC32417817F7800D167CC /* SystemConfiguration.framework in Frameworks */,
				683A6A2814760152004C3F8C /* UIKit.framework in Frameworks */,
				683A6A2A14760152004C3F8C /* Foundation.framework in Frameworks */,
				683A6A2C14760152004C3F8C /* CoreGraphics.framework in Frameworks */,
				2659B76977BD40CB8C3FF315 /* libPods.a in Frameworks */,
				68FDC31E17817DA600D167CC /* libFlurry_4.2.2.a in Frameworks */,
			);
			runOnlyForDeploymentPostprocessing = 0;
		};
		683A6A3F14760152004C3F8C /* Frameworks */ = {
			isa = PBXFrameworksBuildPhase;
			buildActionMask = 2147483647;
			files = (
				68EECF971781E04A000166FD /* CoreGraphics.framework in Frameworks */,
				683A6A4514760152004C3F8C /* SenTestingKit.framework in Frameworks */,
				683A6A4614760152004C3F8C /* UIKit.framework in Frameworks */,
				683A6A4714760152004C3F8C /* Foundation.framework in Frameworks */,
			);
			runOnlyForDeploymentPostprocessing = 0;
		};
/* End PBXFrameworksBuildPhase section */

/* Begin PBXGroup section */
		6827834C178A74F500329732 /* FFToolkit */ = {
			isa = PBXGroup;
			children = (
				68EECF981781F11E000166FD /* FFSolidColorTableHeaderView.h */,
				68EECF991781F11E000166FD /* FFSolidColorTableHeaderView.m */,
			);
			name = FFToolkit;
			sourceTree = "<group>";
		};
		683A6A1814760151004C3F8C = {
			isa = PBXGroup;
			children = (
				683A6A2F14760152004C3F8C /* Dictionary */,
				683A6A4B14760152004C3F8C /* DictionaryTests */,
				683A6A2614760152004C3F8C /* Frameworks */,
				683A6A2414760152004C3F8C /* Products */,
				AA4BCB22A4CB48EEAC5E0BC8 /* Pods.xcconfig */,
			);
			sourceTree = "<group>";
		};
		683A6A2414760152004C3F8C /* Products */ = {
			isa = PBXGroup;
			children = (
				683A6A2314760152004C3F8C /* Dictionary.app */,
				683A6A4314760152004C3F8C /* DictionaryTests.octest */,
			);
			name = Products;
			sourceTree = "<group>";
		};
		683A6A2614760152004C3F8C /* Frameworks */ = {
			isa = PBXGroup;
			children = (
				68FDC32317817F7800D167CC /* SystemConfiguration.framework */,
				683A6A2714760152004C3F8C /* UIKit.framework */,
				683A6A2914760152004C3F8C /* Foundation.framework */,
				683A6A2B14760152004C3F8C /* CoreGraphics.framework */,
				683A6A4414760152004C3F8C /* SenTestingKit.framework */,
				206B5FAD4EF0452B9D4F0FCB /* libPods.a */,
				68FDC31D17817DA600D167CC /* libFlurry_4.2.2.a */,
			);
			name = Frameworks;
			sourceTree = "<group>";
		};
		683A6A2F14760152004C3F8C /* Dictionary */ = {
			isa = PBXGroup;
			children = (
				68EECFAB178208FC000166FD /* Assets */,
				68FDC3181781764500D167CC /* invalidTerms.txt */,
				68FDC3191781764500D167CC /* validTerms.txt */,
				6827834C178A74F500329732 /* FFToolkit */,
				68E5E6FD1778753C00AB0684 /* Controllers */,
				68E5E6FC177874E200AB0684 /* Models */,
				68EECF931781D581000166FD /* Views */,
				683A6A3814760152004C3F8C /* SDTAppDelegate.h */,
				683A6A3914760152004C3F8C /* SDTAppDelegate.m */,
				68FDC31C17817DA600D167CC /* Flurry.h */,
				683A6A3014760152004C3F8C /* Supporting Files */,
			);
			path = Dictionary;
			sourceTree = "<group>";
		};
		683A6A3014760152004C3F8C /* Supporting Files */ = {
			isa = PBXGroup;
			children = (
				683A6A3114760152004C3F8C /* Dictionary-Info.plist */,
				683A6A3214760152004C3F8C /* InfoPlist.strings */,
				683A6A3514760152004C3F8C /* main.m */,
				683A6A3714760152004C3F8C /* Dictionary-Prefix.pch */,
			);
			name = "Supporting Files";
			sourceTree = "<group>";
		};
		683A6A4B14760152004C3F8C /* DictionaryTests */ = {
			isa = PBXGroup;
			children = (
				683A6A5114760152004C3F8C /* DictionaryTests.h */,
				683A6A5214760152004C3F8C /* DictionaryTests.m */,
				683A6A4C14760152004C3F8C /* Supporting Files */,
			);
			path = DictionaryTests;
			sourceTree = "<group>";
		};
		683A6A4C14760152004C3F8C /* Supporting Files */ = {
			isa = PBXGroup;
			children = (
				683A6A4D14760152004C3F8C /* DictionaryTests-Info.plist */,
				683A6A4E14760152004C3F8C /* InfoPlist.strings */,
			);
			name = "Supporting Files";
			sourceTree = "<group>";
		};
		68E5E6FC177874E200AB0684 /* Models */ = {
			isa = PBXGroup;
			children = (
				68E5E6F9177874DC00AB0684 /* SDTDictionary.h */,
				68E5E6FA177874DC00AB0684 /* SDTDictionary.m */,
				68E5E7011779389900AB0684 /* SDTLookupHistory.h */,
				68E5E7021779389900AB0684 /* SDTLookupHistory.m */,
				68854486177DD5FB009DF57C /* SDTLookupRequest.h */,
				68854487177DD5FB009DF57C /* SDTLookupRequest.m */,
				68FDC3151781424A00D167CC /* SDTLookupResponse.h */,
				68FDC3161781424A00D167CC /* SDTLookupResponse.m */,
			);
			name = Models;
			sourceTree = "<group>";
		};
		68E5E6FD1778753C00AB0684 /* Controllers */ = {
			isa = PBXGroup;
			children = (
				68B0C3AE1476047B006AEA06 /* SDTMainViewController.h */,
				68B0C3AF1476047B006AEA06 /* SDTMainViewController.m */,
			);
			name = Controllers;
			sourceTree = "<group>";
		};
		68EECF931781D581000166FD /* Views */ = {
			isa = PBXGroup;
			children = (
				68EECF941781D679000166FD /* SDTDictionaryViewDefinitions.h */,
				68EECF901781D57C000166FD /* SDTDictionaryTermCell.h */,
				68EECF911781D57C000166FD /* SDTDictionaryTermCell.m */,
			);
			name = Views;
			sourceTree = "<group>";
		};
		68EECFAB178208FC000166FD /* Assets */ = {
			isa = PBXGroup;
			children = (
				68EECFA517820883000166FD /* Default.png */,
				68EECFA617820883000166FD /* Default-568h@2x.png */,
				68EECFA717820883000166FD /* Default@2x.png */,
				68EECF9B17820536000166FD /* Icon.png */,
				68EECF9C17820536000166FD /* Icon@2x.png */,
			);
			name = Assets;
			path = ..;
			sourceTree = "<group>";
		};
/* End PBXGroup section */

/* Begin PBXNativeTarget section */
		683A6A2214760152004C3F8C /* Dictionary */ = {
			isa = PBXNativeTarget;
			buildConfigurationList = 683A6A5614760152004C3F8C /* Build configuration list for PBXNativeTarget "Dictionary" */;
			buildPhases = (
				EBCC504F2AE843149EB35581 /* Check Pods Manifest.lock */,
				683A6A1F14760152004C3F8C /* Sources */,
				683A6A2014760152004C3F8C /* Frameworks */,
				683A6A2114760152004C3F8C /* Resources */,
				E52E238E14A649D6BA71CDF1 /* Copy Pods Resources */,
			);
			buildRules = (
			);
			dependencies = (
			);
			name = Dictionary;
			productName = Dictionary;
			productReference = 683A6A2314760152004C3F8C /* Dictionary.app */;
			productType = "com.apple.product-type.application";
		};
		683A6A4214760152004C3F8C /* DictionaryTests */ = {
			isa = PBXNativeTarget;
			buildConfigurationList = 683A6A5914760152004C3F8C /* Build configuration list for PBXNativeTarget "DictionaryTests" */;
			buildPhases = (
				683A6A3E14760152004C3F8C /* Sources */,
				683A6A3F14760152004C3F8C /* Frameworks */,
				683A6A4014760152004C3F8C /* Resources */,
				683A6A4114760152004C3F8C /* ShellScript */,
			);
			buildRules = (
			);
			dependencies = (
				683A6A4A14760152004C3F8C /* PBXTargetDependency */,
			);
			name = DictionaryTests;
			productName = DictionaryTests;
			productReference = 683A6A4314760152004C3F8C /* DictionaryTests.octest */;
			productType = "com.apple.product-type.bundle";
		};
/* End PBXNativeTarget section */

/* Begin PBXProject section */
		683A6A1A14760151004C3F8C /* Project object */ = {
			isa = PBXProject;
			attributes = {
				LastUpgradeCheck = 0460;
			};
			buildConfigurationList = 683A6A1D14760151004C3F8C /* Build configuration list for PBXProject "Dictionary" */;
			compatibilityVersion = "Xcode 3.2";
			developmentRegion = English;
			hasScannedForEncodings = 0;
			knownRegions = (
				en,
			);
			mainGroup = 683A6A1814760151004C3F8C;
			productRefGroup = 683A6A2414760152004C3F8C /* Products */;
			projectDirPath = "";
			projectRoot = "";
			targets = (
				683A6A2214760152004C3F8C /* Dictionary */,
				683A6A4214760152004C3F8C /* DictionaryTests */,
			);
		};
/* End PBXProject section */

/* Begin PBXResourcesBuildPhase section */
		683A6A2114760152004C3F8C /* Resources */ = {
			isa = PBXResourcesBuildPhase;
			buildActionMask = 2147483647;
			files = (
				683A6A3414760152004C3F8C /* InfoPlist.strings in Resources */,
				68FDC31A1781764500D167CC /* invalidTerms.txt in Resources */,
				68FDC31B1781764500D167CC /* validTerms.txt in Resources */,
				68EECF9D17820536000166FD /* Icon.png in Resources */,
				68EECF9E17820536000166FD /* Icon@2x.png in Resources */,
				68EECFA817820883000166FD /* Default.png in Resources */,
				68EECFA917820883000166FD /* Default-568h@2x.png in Resources */,
				68EECFAA17820883000166FD /* Default@2x.png in Resources */,
			);
			runOnlyForDeploymentPostprocessing = 0;
		};
		683A6A4014760152004C3F8C /* Resources */ = {
			isa = PBXResourcesBuildPhase;
			buildActionMask = 2147483647;
			files = (
				683A6A5014760152004C3F8C /* InfoPlist.strings in Resources */,
			);
			runOnlyForDeploymentPostprocessing = 0;
		};
/* End PBXResourcesBuildPhase section */

/* Begin PBXShellScriptBuildPhase section */
		683A6A4114760152004C3F8C /* ShellScript */ = {
			isa = PBXShellScriptBuildPhase;
			buildActionMask = 2147483647;
			files = (
			);
			inputPaths = (
			);
			outputPaths = (
			);
			runOnlyForDeploymentPostprocessing = 0;
			shellPath = /bin/sh;
			shellScript = "# Run the unit tests in this test bundle.\n\"${SYSTEM_DEVELOPER_DIR}/Tools/RunUnitTests\"\n";
		};
		E52E238E14A649D6BA71CDF1 /* Copy Pods Resources */ = {
			isa = PBXShellScriptBuildPhase;
			buildActionMask = 2147483647;
			files = (
			);
			inputPaths = (
			);
			name = "Copy Pods Resources";
			outputPaths = (
			);
			runOnlyForDeploymentPostprocessing = 0;
			shellPath = /bin/sh;
			shellScript = "\"${SRCROOT}/Pods/Pods-resources.sh\"\n";
		};
		EBCC504F2AE843149EB35581 /* Check Pods Manifest.lock */ = {
			isa = PBXShellScriptBuildPhase;
			buildActionMask = 2147483647;
			files = (
			);
			inputPaths = (
			);
			name = "Check Pods Manifest.lock";
			outputPaths = (
			);
			runOnlyForDeploymentPostprocessing = 0;
			shellPath = /bin/sh;
			shellScript = "diff \"${PODS_ROOT}/../Podfile.lock\" \"${PODS_ROOT}/Manifest.lock\" > /dev/null\nif [[ $? != 0 ]] ; then\n    cat << EOM\nerror: The sandbox is not in sync with the Podfile.lock. Run 'pod install' or update your CocoaPods installation.\nEOM\n    exit 1\nfi\n";
		};
/* End PBXShellScriptBuildPhase section */

/* Begin PBXSourcesBuildPhase section */
		683A6A1F14760152004C3F8C /* Sources */ = {
			isa = PBXSourcesBuildPhase;
			buildActionMask = 2147483647;
			files = (
				683A6A3614760152004C3F8C /* main.m in Sources */,
				683A6A3A14760152004C3F8C /* SDTAppDelegate.m in Sources */,
				68B0C3B01476047B006AEA06 /* SDTMainViewController.m in Sources */,
				68E5E6FB177874DC00AB0684 /* SDTDictionary.m in Sources */,
				68E5E7031779389900AB0684 /* SDTLookupHistory.m in Sources */,
				68854488177DD5FB009DF57C /* SDTLookupRequest.m in Sources */,
				68FDC3171781424A00D167CC /* SDTLookupResponse.m in Sources */,
				68EECF921781D57C000166FD /* SDTDictionaryTermCell.m in Sources */,
				68EECF9A1781F11E000166FD /* FFSolidColorTableHeaderView.m in Sources */,
			);
			runOnlyForDeploymentPostprocessing = 0;
		};
		683A6A3E14760152004C3F8C /* Sources */ = {
			isa = PBXSourcesBuildPhase;
			buildActionMask = 2147483647;
			files = (
				683A6A5314760152004C3F8C /* DictionaryTests.m in Sources */,
				68B0C3B11476047B006AEA06 /* SDTMainViewController.m in Sources */,
			);
			runOnlyForDeploymentPostprocessing = 0;
		};
/* End PBXSourcesBuildPhase section */

/* Begin PBXTargetDependency section */
		683A6A4A14760152004C3F8C /* PBXTargetDependency */ = {
			isa = PBXTargetDependency;
			target = 683A6A2214760152004C3F8C /* Dictionary */;
			targetProxy = 683A6A4914760152004C3F8C /* PBXContainerItemProxy */;
		};
/* End PBXTargetDependency section */

/* Begin PBXVariantGroup section */
		683A6A3214760152004C3F8C /* InfoPlist.strings */ = {
			isa = PBXVariantGroup;
			children = (
				683A6A3314760152004C3F8C /* en */,
			);
			name = InfoPlist.strings;
			sourceTree = "<group>";
		};
		683A6A4E14760152004C3F8C /* InfoPlist.strings */ = {
			isa = PBXVariantGroup;
			children = (
				683A6A4F14760152004C3F8C /* en */,
			);
			name = InfoPlist.strings;
			sourceTree = "<group>";
		};
/* End PBXVariantGroup section */

/* Begin XCBuildConfiguration section */
		683A6A5414760152004C3F8C /* Debug */ = {
			isa = XCBuildConfiguration;
			buildSettings = {
				ALWAYS_SEARCH_USER_PATHS = NO;
				ARCHS = "$(ARCHS_STANDARD_32_BIT)";
				CLANG_ENABLE_OBJC_ARC = YES;
				CLANG_WARN_CONSTANT_CONVERSION = YES;
				CLANG_WARN_ENUM_CONVERSION = YES;
				CLANG_WARN_INT_CONVERSION = YES;
				CLANG_WARN__DUPLICATE_METHOD_MATCH = YES;
				COPY_PHASE_STRIP = NO;
				GCC_C_LANGUAGE_STANDARD = gnu99;
				GCC_DYNAMIC_NO_PIC = NO;
				GCC_OPTIMIZATION_LEVEL = 0;
				GCC_PREPROCESSOR_DEFINITIONS = (
					"DEBUG=1",
					"$(inherited)",
				);
				GCC_SYMBOLS_PRIVATE_EXTERN = NO;
				GCC_VERSION = com.apple.compilers.llvm.clang.1_0;
				GCC_WARN_ABOUT_MISSING_PROTOTYPES = YES;
				GCC_WARN_ABOUT_RETURN_TYPE = YES;
				GCC_WARN_UNINITIALIZED_AUTOS = YES;
				GCC_WARN_UNUSED_VARIABLE = YES;
				IPHONEOS_DEPLOYMENT_TARGET = 6.1;
				SDKROOT = iphoneos;
			};
			name = Debug;
		};
		683A6A5514760152004C3F8C /* Release */ = {
			isa = XCBuildConfiguration;
			buildSettings = {
				ALWAYS_SEARCH_USER_PATHS = NO;
				ARCHS = "$(ARCHS_STANDARD_32_BIT)";
				CLANG_ENABLE_OBJC_ARC = YES;
				CLANG_WARN_CONSTANT_CONVERSION = YES;
				CLANG_WARN_ENUM_CONVERSION = YES;
				CLANG_WARN_INT_CONVERSION = YES;
				CLANG_WARN__DUPLICATE_METHOD_MATCH = YES;
				CODE_SIGN_IDENTITY = "iPhone Distribution";
				COPY_PHASE_STRIP = YES;
				GCC_C_LANGUAGE_STANDARD = gnu99;
				GCC_VERSION = com.apple.compilers.llvm.clang.1_0;
				GCC_WARN_ABOUT_MISSING_PROTOTYPES = YES;
				GCC_WARN_ABOUT_RETURN_TYPE = YES;
				GCC_WARN_UNINITIALIZED_AUTOS = YES;
				GCC_WARN_UNUSED_VARIABLE = YES;
				IPHONEOS_DEPLOYMENT_TARGET = 6.1;
				OTHER_CFLAGS = "-DNS_BLOCK_ASSERTIONS=1";
				PROVISIONING_PROFILE = "";
				SDKROOT = iphoneos;
				VALIDATE_PRODUCT = YES;
			};
			name = Release;
		};
		683A6A5714760152004C3F8C /* Debug */ = {
			isa = XCBuildConfiguration;
			baseConfigurationReference = AA4BCB22A4CB48EEAC5E0BC8 /* Pods.xcconfig */;
			buildSettings = {
				CODE_SIGN_IDENTITY = "iPhone Developer";
				GCC_PRECOMPILE_PREFIX_HEADER = YES;
				GCC_PREFIX_HEADER = "Dictionary/Dictionary-Prefix.pch";
				INFOPLIST_FILE = "Dictionary/Dictionary-Info.plist";
				IPHONEOS_DEPLOYMENT_TARGET = 6.1;
				LIBRARY_SEARCH_PATHS = (
					"$(inherited)",
					"\"$(SRCROOT)/Dictionary\"",
				);
				OTHER_CFLAGS = "-Wall";
				PRODUCT_NAME = "$(TARGET_NAME)";
				PROVISIONING_PROFILE = "";
				TARGETED_DEVICE_FAMILY = "1,2";
				WRAPPER_EXTENSION = app;
			};
			name = Debug;
		};
		683A6A5814760152004C3F8C /* Release */ = {
			isa = XCBuildConfiguration;
			baseConfigurationReference = AA4BCB22A4CB48EEAC5E0BC8 /* Pods.xcconfig */;
			buildSettings = {
				CODE_SIGN_IDENTITY = "iPhone Distribution";
				GCC_PRECOMPILE_PREFIX_HEADER = YES;
				GCC_PREFIX_HEADER = "Dictionary/Dictionary-Prefix.pch";
				INFOPLIST_FILE = "Dictionary/Dictionary-Info.plist";
				IPHONEOS_DEPLOYMENT_TARGET = 6.1;
				LIBRARY_SEARCH_PATHS = (
					"$(inherited)",
					"\"$(SRCROOT)/Dictionary\"",
				);
				PRODUCT_NAME = "$(TARGET_NAME)";
				PROVISIONING_PROFILE = "";
				TARGETED_DEVICE_FAMILY = "1,2";
				WRAPPER_EXTENSION = app;
			};
			name = Release;
		};
		683A6A5A14760152004C3F8C /* Debug */ = {
			isa = XCBuildConfiguration;
			baseConfigurationReference = AA4BCB22A4CB48EEAC5E0BC8 /* Pods.xcconfig */;
			buildSettings = {
				BUNDLE_LOADER = "$(BUILT_PRODUCTS_DIR)/Dictionary.app/Dictionary";
				CODE_SIGN_IDENTITY = "iPhone Developer";
				FRAMEWORK_SEARCH_PATHS = (
					"$(SDKROOT)/Developer/Library/Frameworks",
					"$(DEVELOPER_LIBRARY_DIR)/Frameworks",
				);
				GCC_PRECOMPILE_PREFIX_HEADER = YES;
				GCC_PREFIX_HEADER = "Dictionary/Dictionary-Prefix.pch";
				INFOPLIST_FILE = "DictionaryTests/DictionaryTests-Info.plist";
				PRODUCT_NAME = "$(TARGET_NAME)";
				PROVISIONING_PROFILE = "";
				TEST_HOST = "$(BUNDLE_LOADER)";
				WRAPPER_EXTENSION = octest;
			};
			name = Debug;
		};
		683A6A5B14760152004C3F8C /* Release */ = {
			isa = XCBuildConfiguration;
			buildSettings = {
				BUNDLE_LOADER = "$(BUILT_PRODUCTS_DIR)/Dictionary.app/Dictionary";
				CODE_SIGN_IDENTITY = "iPhone Developer";
				"CODE_SIGN_IDENTITY[sdk=iphoneos*]" = "iPhone Distribution";
				FRAMEWORK_SEARCH_PATHS = (
					"$(SDKROOT)/Developer/Library/Frameworks",
					"$(DEVELOPER_LIBRARY_DIR)/Frameworks",
				);
				GCC_PRECOMPILE_PREFIX_HEADER = YES;
				GCC_PREFIX_HEADER = "Dictionary/Dictionary-Prefix.pch";
				INFOPLIST_FILE = "DictionaryTests/DictionaryTests-Info.plist";
				PRODUCT_NAME = "$(TARGET_NAME)";
				PROVISIONING_PROFILE = "";
				"PROVISIONING_PROFILE[sdk=iphoneos*]" = "";
				TEST_HOST = "$(BUNDLE_LOADER)";
				WRAPPER_EXTENSION = octest;
			};
			name = Release;
		};
		683B3C3D178348E700DF6853 /* Profile */ = {
			isa = XCBuildConfiguration;
			buildSettings = {
				ALWAYS_SEARCH_USER_PATHS = NO;
				ARCHS = "$(ARCHS_STANDARD_32_BIT)";
				CLANG_ENABLE_OBJC_ARC = YES;
				CLANG_WARN_CONSTANT_CONVERSION = YES;
				CLANG_WARN_ENUM_CONVERSION = YES;
				CLANG_WARN_INT_CONVERSION = YES;
				CLANG_WARN__DUPLICATE_METHOD_MATCH = YES;
				COPY_PHASE_STRIP = YES;
				GCC_C_LANGUAGE_STANDARD = gnu99;
				GCC_VERSION = com.apple.compilers.llvm.clang.1_0;
				GCC_WARN_ABOUT_MISSING_PROTOTYPES = YES;
				GCC_WARN_ABOUT_RETURN_TYPE = YES;
				GCC_WARN_UNINITIALIZED_AUTOS = YES;
				GCC_WARN_UNUSED_VARIABLE = YES;
				IPHONEOS_DEPLOYMENT_TARGET = 6.1;
				OTHER_CFLAGS = "-DNS_BLOCK_ASSERTIONS=1";
				SDKROOT = iphoneos;
				VALIDATE_PRODUCT = NO;
			};
			name = Profile;
		};
		683B3C3E178348E700DF6853 /* Profile */ = {
			isa = XCBuildConfiguration;
			baseConfigurationReference = AA4BCB22A4CB48EEAC5E0BC8 /* Pods.xcconfig */;
			buildSettings = {
				CODE_SIGN_IDENTITY = "iPhone Developer";
				GCC_PRECOMPILE_PREFIX_HEADER = YES;
				GCC_PREFIX_HEADER = "Dictionary/Dictionary-Prefix.pch";
				INFOPLIST_FILE = "Dictionary/Dictionary-Info.plist";
				IPHONEOS_DEPLOYMENT_TARGET = 6.1;
				LIBRARY_SEARCH_PATHS = (
					"$(inherited)",
					"\"$(SRCROOT)/Dictionary\"",
				);
				PRODUCT_NAME = "$(TARGET_NAME)";
				PROVISIONING_PROFILE = "";
				TARGETED_DEVICE_FAMILY = "1,2";
				WRAPPER_EXTENSION = app;
			};
			name = Profile;
		};
		683B3C3F178348E700DF6853 /* Profile */ = {
			isa = XCBuildConfiguration;
			buildSettings = {
				BUNDLE_LOADER = "$(BUILT_PRODUCTS_DIR)/Dictionary.app/Dictionary";
				CODE_SIGN_IDENTITY = "iPhone Developer";
				"CODE_SIGN_IDENTITY[sdk=iphoneos*]" = "iPhone Distribution";
				FRAMEWORK_SEARCH_PATHS = (
					"$(SDKROOT)/Developer/Library/Frameworks",
					"$(DEVELOPER_LIBRARY_DIR)/Frameworks",
				);
				GCC_PRECOMPILE_PREFIX_HEADER = YES;
				GCC_PREFIX_HEADER = "Dictionary/Dictionary-Prefix.pch";
				INFOPLIST_FILE = "DictionaryTests/DictionaryTests-Info.plist";
				PRODUCT_NAME = "$(TARGET_NAME)";
				PROVISIONING_PROFILE = "";
				"PROVISIONING_PROFILE[sdk=iphoneos*]" = "";
				TEST_HOST = "$(BUNDLE_LOADER)";
				WRAPPER_EXTENSION = octest;
			};
			name = Profile;
		};
/* End XCBuildConfiguration section */

/* Begin XCConfigurationList section */
		683A6A1D14760151004C3F8C /* Build configuration list for PBXProject "Dictionary" */ = {
			isa = XCConfigurationList;
			buildConfigurations = (
				683A6A5414760152004C3F8C /* Debug */,
				683A6A5514760152004C3F8C /* Release */,
				683B3C3D178348E700DF6853 /* Profile */,
			);
			defaultConfigurationIsVisible = 0;
			defaultConfigurationName = Release;
		};
		683A6A5614760152004C3F8C /* Build configuration list for PBXNativeTarget "Dictionary" */ = {
			isa = XCConfigurationList;
			buildConfigurations = (
				683A6A5714760152004C3F8C /* Debug */,
				683A6A5814760152004C3F8C /* Release */,
				683B3C3E178348E700DF6853 /* Profile */,
			);
			defaultConfigurationIsVisible = 0;
			defaultConfigurationName = Release;
		};
		683A6A5914760152004C3F8C /* Build configuration list for PBXNativeTarget "DictionaryTests" */ = {
			isa = XCConfigurationList;
			buildConfigurations = (
				683A6A5A14760152004C3F8C /* Debug */,
				683A6A5B14760152004C3F8C /* Release */,
				683B3C3F178348E700DF6853 /* Profile */,
			);
			defaultConfigurationIsVisible = 0;
			defaultConfigurationName = Release;
		};
/* End XCConfigurationList section */
	};
	rootObject = 683A6A1A14760151004C3F8C /* Project object */;
}
